
Microsoft Visual Studio Solution File, Format Version 12.00
# Visual Studio Version 17
VisualStudioVersion = 17.5.33530.505
MinimumVisualStudioVersion = 10.0.40219.1
Project("{FAE04EC0-301F-11D3-BF4B-00C04F79EFBC}") = "Challenge1", "Challenge1\Challenge1.csproj", "{155CD6CE-223A-47C3-BC04-F7256CEC44A4}"
EndProject
Project("{FAE04EC0-301F-11D3-BF4B-00C04F79EFBC}") = "BLL", "BLL\BLL.csproj", "{C1746E4E-F222-4E7B-8EDA-49C8D83A0203}"
EndProject
Project("{FAE04EC0-301F-11D3-BF4B-00C04F79EFBC}") = "Datos", "Acceso\Datos.csproj", "{901F62DF-891A-4ABB-B098-A86E22C3D0EC}"
EndProject
Project("{FAE04EC0-301F-11D3-BF4B-00C04F79EFBC}") = "MPP", "MPP\MPP.csproj", "{574722B1-DD1C-4357-AD38-EE54C6FABC1B}"
EndProject
Project("{FAE04EC0-301F-11D3-BF4B-00C04F79EFBC}") = "EE", "EE\EE.csproj", "{EA5E957C-A40C-45A4-B7D7-F990CD53016A}"
EndProject
Global
	GlobalSection(SolutionConfigurationPlatforms) = preSolution
		Debug|Any CPU = Debug|Any CPU
		Release|Any CPU = Release|Any CPU
	EndGlobalSection
	GlobalSection(ProjectConfigurationPlatforms) = postSolution
		{155CD6CE-223A-47C3-BC04-F7256CEC44A4}.Debug|Any CPU.ActiveCfg = Debug|Any CPU
		{155CD6CE-223A-47C3-BC04-F7256CEC44A4}.Debug|Any CPU.Build.0 = Debug|Any CPU
		{155CD6CE-223A-47C3-BC04-F7256CEC44A4}.Release|Any CPU.ActiveCfg = Release|Any CPU
		{155CD6CE-223A-47C3-BC04-F7256CEC44A4}.Release|Any CPU.Build.0 = Release|Any CPU
		{C1746E4E-F222-4E7B-8EDA-49C8D83A0203}.Debug|Any CPU.ActiveCfg = Debug|Any CPU
		{C1746E4E-F222-4E7B-8EDA-49C8D83A0203}.Debug|Any CPU.Build.0 = Debug|Any CPU
		{C1746E4E-F222-4E7B-8EDA-49C8D83A0203}.Release|Any CPU.ActiveCfg = Release|Any CPU
		{C1746E4E-F222-4E7B-8EDA-49C8D83A0203}.Release|Any CPU.Build.0 = Release|Any CPU
		{901F62DF-891A-4ABB-B098-A86E22C3D0EC}.Debug|Any CPU.ActiveCfg = Debug|Any CPU
		{901F62DF-891A-4ABB-B098-A86E22C3D0EC}.Debug|Any CPU.Build.0 = Debug|Any CPU
		{901F62DF-891A-4ABB-B098-A86E22C3D0EC}.Release|Any CPU.ActiveCfg = Release|Any CPU
		{901F62DF-891A-4ABB-B098-A86E22C3D0EC}.Release|Any CPU.Build.0 = Release|Any CPU
		{574722B1-DD1C-4357-AD38-EE54C6FABC1B}.Debug|Any CPU.ActiveCfg = Debug|Any CPU
		{574722B1-DD1C-4357-AD38-EE54C6FABC1B}.Debug|Any CPU.Build.0 = Debug|Any CPU
		{574722B1-DD1C-4357-AD38-EE54C6FABC1B}.Release|Any CPU.ActiveCfg = Release|Any CPU
		{574722B1-DD1C-4357-AD38-EE54C6FABC1B}.Release|Any CPU.Build.0 = Release|Any CPU
		{EA5E957C-A40C-45A4-B7D7-F990CD53016A}.Debug|Any CPU.ActiveCfg = Debug|Any CPU
		{EA5E957C-A40C-45A4-B7D7-F990CD53016A}.Debug|Any CPU.Build.0 = Debug|Any CPU
		{EA5E957C-A40C-45A4-B7D7-F990CD53016A}.Release|Any CPU.ActiveCfg = Release|Any CPU
		{EA5E957C-A40C-45A4-B7D7-F990CD53016A}.Release|Any CPU.Build.0 = Release|Any CPU
	EndGlobalSection
	GlobalSection(SolutionProperties) = preSolution
		HideSolutionNode = FALSE
	EndGlobalSection
	GlobalSection(ExtensibilityGlobals) = postSolution
		SolutionGuid = {7FFA977E-3A55-4802-B60A-CE352AFE07F9}
	EndGlobalSection
EndGlobal
